
Microsoft Visual Studio Solution File, Format Version 12.00
# Visual Studio Version 17
VisualStudioVersion = 17.9.34701.34
MinimumVisualStudioVersion = 10.0.40219.1
Project("{FAE04EC0-301F-11D3-BF4B-00C04F79EFBC}") = "TvcLab06", "TvcLab06.csproj", "{FA658361-A31D-42C1-94B8-91945EAAB99C}"
EndProject
Global
	GlobalSection(SolutionConfigurationPlatforms) = preSolution
		Debug|Any CPU = Debug|Any CPU
		Release|Any CPU = Release|Any CPU
	EndGlobalSection
	GlobalSection(ProjectConfigurationPlatforms) = postSolution
		{FA658361-A31D-42C1-94B8-91945EAAB99C}.Debug|Any CPU.ActiveCfg = Debug|Any CPU
		{FA658361-A31D-42C1-94B8-91945EAAB99C}.Debug|Any CPU.Build.0 = Debug|Any CPU
		{FA658361-A31D-42C1-94B8-91945EAAB99C}.Release|Any CPU.ActiveCfg = Release|Any CPU
		{FA658361-A31D-42C1-94B8-91945EAAB99C}.Release|Any CPU.Build.0 = Release|Any CPU
	EndGlobalSection
	GlobalSection(SolutionProperties) = preSolution
		HideSolutionNode = FALSE
	EndGlobalSection
	GlobalSection(ExtensibilityGlobals) = postSolution
		SolutionGuid = {DB067C90-53B7-4FE7-A70F-F2E8A11D6BFA}
	EndGlobalSection
EndGlobal
