
Microsoft Visual Studio Solution File, Format Version 12.00
# Visual Studio Version 17
VisualStudioVersion = 17.9.34701.34
MinimumVisualStudioVersion = 10.0.40219.1
Project("{FAE04EC0-301F-11D3-BF4B-00C04F79EFBC}") = "TvcLesson07", "TvcLesson07.csproj", "{3B724490-486B-49E8-A11A-AE68928C003C}"
EndProject
Global
	GlobalSection(SolutionConfigurationPlatforms) = preSolution
		Debug|Any CPU = Debug|Any CPU
		Release|Any CPU = Release|Any CPU
	EndGlobalSection
	GlobalSection(ProjectConfigurationPlatforms) = postSolution
		{3B724490-486B-49E8-A11A-AE68928C003C}.Debug|Any CPU.ActiveCfg = Debug|Any CPU
		{3B724490-486B-49E8-A11A-AE68928C003C}.Debug|Any CPU.Build.0 = Debug|Any CPU
		{3B724490-486B-49E8-A11A-AE68928C003C}.Release|Any CPU.ActiveCfg = Release|Any CPU
		{3B724490-486B-49E8-A11A-AE68928C003C}.Release|Any CPU.Build.0 = Release|Any CPU
	EndGlobalSection
	GlobalSection(SolutionProperties) = preSolution
		HideSolutionNode = FALSE
	EndGlobalSection
	GlobalSection(ExtensibilityGlobals) = postSolution
		SolutionGuid = {8B7B5572-9D0C-4DF0-9AD2-8445C7D1F412}
	EndGlobalSection
EndGlobal
